
Microsoft Visual Studio Solution File, Format Version 12.00
# Visual Studio Version 17
VisualStudioVersion = 17.13.35931.197 d17.13
MinimumVisualStudioVersion = 10.0.40219.1
Project("{FAE04EC0-301F-11D3-BF4B-00C04F79EFBC}") = "MongoDB.Demos.Demo01", "MongoDB.Demos.Demo01\MongoDB.Demos.Demo01.csproj", "{F894FC34-3959-4AFB-835A-DB8BCCC1191D}"
EndProject
Global
	GlobalSection(SolutionConfigurationPlatforms) = preSolution
		Debug|Any CPU = Debug|Any CPU
		Release|Any CPU = Release|Any CPU
	EndGlobalSection
	GlobalSection(ProjectConfigurationPlatforms) = postSolution
		{F894FC34-3959-4AFB-835A-DB8BCCC1191D}.Debug|Any CPU.ActiveCfg = Debug|Any CPU
		{F894FC34-3959-4AFB-835A-DB8BCCC1191D}.Debug|Any CPU.Build.0 = Debug|Any CPU
		{F894FC34-3959-4AFB-835A-DB8BCCC1191D}.Release|Any CPU.ActiveCfg = Release|Any CPU
		{F894FC34-3959-4AFB-835A-DB8BCCC1191D}.Release|Any CPU.Build.0 = Release|Any CPU
	EndGlobalSection
	GlobalSection(SolutionProperties) = preSolution
		HideSolutionNode = FALSE
	EndGlobalSection
	GlobalSection(ExtensibilityGlobals) = postSolution
		SolutionGuid = {0A55B608-1DE0-4D62-AD4D-2399A33356F5}
	EndGlobalSection
EndGlobal
